// !$*UTF8*$!
{
	archiveVersion = 1;
	classes = {
	};
	objectVersion = 50;
	objects = {

/* Begin PBXBuildFile section */
		9BAA13C021CB68CA0039E987 /* NSLayoutConstraint+MASDebugAdditions.m in Sources */ = {isa = PBXBuildFile; fileRef = 9BAA13A721CB68CA0039E987 /* NSLayoutConstraint+MASDebugAdditions.m */; };
		9BAA13C121CB68CA0039E987 /* ViewController+MASAdditions.m in Sources */ = {isa = PBXBuildFile; fileRef = 9BAA13B021CB68CA0039E987 /* ViewController+MASAdditions.m */; };
		9BAA13C221CB68CA0039E987 /* MASCompositeConstraint.m in Sources */ = {isa = PBXBuildFile; fileRef = 9BAA13B421CB68CA0039E987 /* MASCompositeConstraint.m */; };
		9BAA13C321CB68CA0039E987 /* MASConstraintMaker.m in Sources */ = {isa = PBXBuildFile; fileRef = 9BAA13B521CB68CA0039E987 /* MASConstraintMaker.m */; };
		9BAA13C421CB68CA0039E987 /* MASLayoutConstraint.m in Sources */ = {isa = PBXBuildFile; fileRef = 9BAA13B621CB68CA0039E987 /* MASLayoutConstraint.m */; };
		9BAA13C521CB68CA0039E987 /* NSArray+MASAdditions.m in Sources */ = {isa = PBXBuildFile; fileRef = 9BAA13B721CB68CA0039E987 /* NSArray+MASAdditions.m */; };
		9BAA13C621CB68CA0039E987 /* View+MASAdditions.m in Sources */ = {isa = PBXBuildFile; fileRef = 9BAA13B821CB68CA0039E987 /* View+MASAdditions.m */; };
		9BAA13C721CB68CA0039E987 /* MASConstraint.m in Sources */ = {isa = PBXBuildFile; fileRef = 9BAA13BB21CB68CA0039E987 /* MASConstraint.m */; };
		9BAA13C821CB68CA0039E987 /* MASViewConstraint.m in Sources */ = {isa = PBXBuildFile; fileRef = 9BAA13BD21CB68CA0039E987 /* MASViewConstraint.m */; };
		9BAA13C921CB68CA0039E987 /* MASViewAttribute.m in Sources */ = {isa = PBXBuildFile; fileRef = 9BAA13BE21CB68CA0039E987 /* MASViewAttribute.m */; };
		9BAA13CE21CB6C3B0039E987 /* AskNumView.m in Sources */ = {isa = PBXBuildFile; fileRef = 9BAA13CC21CB6A650039E987 /* AskNumView.m */; };
		9BAA13D121CB6C5C0039E987 /* CoreFoundation.framework in Frameworks */ = {isa = PBXBuildFile; fileRef = 9BAA13D021CB6C5C0039E987 /* CoreFoundation.framework */; };
		9BAA13D321CB6C630039E987 /* CoreGraphics.framework in Frameworks */ = {isa = PBXBuildFile; fileRef = 9BAA13D221CB6C630039E987 /* CoreGraphics.framework */; };
		9BAA13D521CB6C680039E987 /* UIKit.framework in Frameworks */ = {isa = PBXBuildFile; fileRef = 9BAA13D421CB6C680039E987 /* UIKit.framework */; };
		9BD3B45521CA1F3A005F93DD /* AppDelegate.m in Sources */ = {isa = PBXBuildFile; fileRef = 9BD3B45421CA1F3A005F93DD /* AppDelegate.m */; };
		9BD3B45821CA1F3A005F93DD /* ViewController.m in Sources */ = {isa = PBXBuildFile; fileRef = 9BD3B45721CA1F3A005F93DD /* ViewController.m */; };
		9BD3B45B21CA1F3A005F93DD /* Main.storyboard in Resources */ = {isa = PBXBuildFile; fileRef = 9BD3B45921CA1F3A005F93DD /* Main.storyboard */; };
		9BD3B45D21CA1F3B005F93DD /* Assets.xcassets in Resources */ = {isa = PBXBuildFile; fileRef = 9BD3B45C21CA1F3B005F93DD /* Assets.xcassets */; };
		9BD3B46021CA1F3B005F93DD /* LaunchScreen.storyboard in Resources */ = {isa = PBXBuildFile; fileRef = 9BD3B45E21CA1F3B005F93DD /* LaunchScreen.storyboard */; };
		9BD3B46321CA1F3B005F93DD /* main.m in Sources */ = {isa = PBXBuildFile; fileRef = 9BD3B46221CA1F3B005F93DD /* main.m */; };
		9BD3B46D21CA1F3C005F93DD /* AskTests.m in Sources */ = {isa = PBXBuildFile; fileRef = 9BD3B46C21CA1F3C005F93DD /* AskTests.m */; };
/* End PBXBuildFile section */

/* Begin PBXContainerItemProxy section */
		9BD3B46921CA1F3C005F93DD /* PBXContainerItemProxy */ = {
			isa = PBXContainerItemProxy;
			containerPortal = 9BD3B44821CA1F3A005F93DD /* Project object */;
			proxyType = 1;
			remoteGlobalIDString = 9BD3B44F21CA1F3A005F93DD;
			remoteInfo = Ask;
		};
/* End PBXContainerItemProxy section */

/* Begin PBXFileReference section */
		9BAA13A621CB68CA0039E987 /* MASCompositeConstraint.h */ = {isa = PBXFileReference; fileEncoding = 4; lastKnownFileType = sourcecode.c.h; path = MASCompositeConstraint.h; sourceTree = "<group>"; };
		9BAA13A721CB68CA0039E987 /* NSLayoutConstraint+MASDebugAdditions.m */ = {isa = PBXFileReference; fileEncoding = 4; lastKnownFileType = sourcecode.c.objc; path = "NSLayoutConstraint+MASDebugAdditions.m"; sourceTree = "<group>"; };
		9BAA13A821CB68CA0039E987 /* MASConstraint+Private.h */ = {isa = PBXFileReference; fileEncoding = 4; lastKnownFileType = sourcecode.c.h; path = "MASConstraint+Private.h"; sourceTree = "<group>"; };
		9BAA13A921CB68CA0039E987 /* MASLayoutConstraint.h */ = {isa = PBXFileReference; fileEncoding = 4; lastKnownFileType = sourcecode.c.h; path = MASLayoutConstraint.h; sourceTree = "<group>"; };
		9BAA13AA21CB68CA0039E987 /* NSArray+MASShorthandAdditions.h */ = {isa = PBXFileReference; fileEncoding = 4; lastKnownFileType = sourcecode.c.h; path = "NSArray+MASShorthandAdditions.h"; sourceTree = "<group>"; };
		9BAA13AB21CB68CA0039E987 /* MASConstraintMaker.h */ = {isa = PBXFileReference; fileEncoding = 4; lastKnownFileType = sourcecode.c.h; path = MASConstraintMaker.h; sourceTree = "<group>"; };
		9BAA13AC21CB68CA0039E987 /* View+MASAdditions.h */ = {isa = PBXFileReference; fileEncoding = 4; lastKnownFileType = sourcecode.c.h; path = "View+MASAdditions.h"; sourceTree = "<group>"; };
		9BAA13AD21CB68CA0039E987 /* NSArray+MASAdditions.h */ = {isa = PBXFileReference; fileEncoding = 4; lastKnownFileType = sourcecode.c.h; path = "NSArray+MASAdditions.h"; sourceTree = "<group>"; };
		9BAA13AE21CB68CA0039E987 /* MASUtilities.h */ = {isa = PBXFileReference; fileEncoding = 4; lastKnownFileType = sourcecode.c.h; path = MASUtilities.h; sourceTree = "<group>"; };
		9BAA13AF21CB68CA0039E987 /* MASViewAttribute.h */ = {isa = PBXFileReference; fileEncoding = 4; lastKnownFileType = sourcecode.c.h; path = MASViewAttribute.h; sourceTree = "<group>"; };
		9BAA13B021CB68CA0039E987 /* ViewController+MASAdditions.m */ = {isa = PBXFileReference; fileEncoding = 4; lastKnownFileType = sourcecode.c.objc; path = "ViewController+MASAdditions.m"; sourceTree = "<group>"; };
		9BAA13B121CB68CA0039E987 /* MASViewConstraint.h */ = {isa = PBXFileReference; fileEncoding = 4; lastKnownFileType = sourcecode.c.h; path = MASViewConstraint.h; sourceTree = "<group>"; };
		9BAA13B221CB68CA0039E987 /* MASConstraint.h */ = {isa = PBXFileReference; fileEncoding = 4; lastKnownFileType = sourcecode.c.h; path = MASConstraint.h; sourceTree = "<group>"; };
		9BAA13B321CB68CA0039E987 /* NSLayoutConstraint+MASDebugAdditions.h */ = {isa = PBXFileReference; fileEncoding = 4; lastKnownFileType = sourcecode.c.h; path = "NSLayoutConstraint+MASDebugAdditions.h"; sourceTree = "<group>"; };
		9BAA13B421CB68CA0039E987 /* MASCompositeConstraint.m */ = {isa = PBXFileReference; fileEncoding = 4; lastKnownFileType = sourcecode.c.objc; path = MASCompositeConstraint.m; sourceTree = "<group>"; };
		9BAA13B521CB68CA0039E987 /* MASConstraintMaker.m */ = {isa = PBXFileReference; fileEncoding = 4; lastKnownFileType = sourcecode.c.objc; path = MASConstraintMaker.m; sourceTree = "<group>"; };
		9BAA13B621CB68CA0039E987 /* MASLayoutConstraint.m */ = {isa = PBXFileReference; fileEncoding = 4; lastKnownFileType = sourcecode.c.objc; path = MASLayoutConstraint.m; sourceTree = "<group>"; };
		9BAA13B721CB68CA0039E987 /* NSArray+MASAdditions.m */ = {isa = PBXFileReference; fileEncoding = 4; lastKnownFileType = sourcecode.c.objc; path = "NSArray+MASAdditions.m"; sourceTree = "<group>"; };
		9BAA13B821CB68CA0039E987 /* View+MASAdditions.m */ = {isa = PBXFileReference; fileEncoding = 4; lastKnownFileType = sourcecode.c.objc; path = "View+MASAdditions.m"; sourceTree = "<group>"; };
		9BAA13B921CB68CA0039E987 /* View+MASShorthandAdditions.h */ = {isa = PBXFileReference; fileEncoding = 4; lastKnownFileType = sourcecode.c.h; path = "View+MASShorthandAdditions.h"; sourceTree = "<group>"; };
		9BAA13BA21CB68CA0039E987 /* Masonry.h */ = {isa = PBXFileReference; fileEncoding = 4; lastKnownFileType = sourcecode.c.h; path = Masonry.h; sourceTree = "<group>"; };
		9BAA13BB21CB68CA0039E987 /* MASConstraint.m */ = {isa = PBXFileReference; fileEncoding = 4; lastKnownFileType = sourcecode.c.objc; path = MASConstraint.m; sourceTree = "<group>"; };
		9BAA13BC21CB68CA0039E987 /* ViewController+MASAdditions.h */ = {isa = PBXFileReference; fileEncoding = 4; lastKnownFileType = sourcecode.c.h; path = "ViewController+MASAdditions.h"; sourceTree = "<group>"; };
		9BAA13BD21CB68CA0039E987 /* MASViewConstraint.m */ = {isa = PBXFileReference; fileEncoding = 4; lastKnownFileType = sourcecode.c.objc; path = MASViewConstraint.m; sourceTree = "<group>"; };
		9BAA13BE21CB68CA0039E987 /* MASViewAttribute.m */ = {isa = PBXFileReference; fileEncoding = 4; lastKnownFileType = sourcecode.c.objc; path = MASViewAttribute.m; sourceTree = "<group>"; };
		9BAA13CB21CB6A650039E987 /* AskNumView.h */ = {isa = PBXFileReference; lastKnownFileType = sourcecode.c.h; path = AskNumView.h; sourceTree = "<group>"; };
		9BAA13CC21CB6A650039E987 /* AskNumView.m */ = {isa = PBXFileReference; lastKnownFileType = sourcecode.c.objc; path = AskNumView.m; sourceTree = "<group>"; };
		9BAA13D021CB6C5C0039E987 /* CoreFoundation.framework */ = {isa = PBXFileReference; lastKnownFileType = wrapper.framework; name = CoreFoundation.framework; path = System/Library/Frameworks/CoreFoundation.framework; sourceTree = SDKROOT; };
		9BAA13D221CB6C630039E987 /* CoreGraphics.framework */ = {isa = PBXFileReference; lastKnownFileType = wrapper.framework; name = CoreGraphics.framework; path = System/Library/Frameworks/CoreGraphics.framework; sourceTree = SDKROOT; };
		9BAA13D421CB6C680039E987 /* UIKit.framework */ = {isa = PBXFileReference; lastKnownFileType = wrapper.framework; name = UIKit.framework; path = System/Library/Frameworks/UIKit.framework; sourceTree = SDKROOT; };
		9BD3B45021CA1F3A005F93DD /* Ask.app */ = {isa = PBXFileReference; explicitFileType = wrapper.application; includeInIndex = 0; path = Ask.app; sourceTree = BUILT_PRODUCTS_DIR; };
		9BD3B45321CA1F3A005F93DD /* AppDelegate.h */ = {isa = PBXFileReference; lastKnownFileType = sourcecode.c.h; path = AppDelegate.h; sourceTree = "<group>"; };
		9BD3B45421CA1F3A005F93DD /* AppDelegate.m */ = {isa = PBXFileReference; lastKnownFileType = sourcecode.c.objc; path = AppDelegate.m; sourceTree = "<group>"; };
		9BD3B45621CA1F3A005F93DD /* ViewController.h */ = {isa = PBXFileReference; lastKnownFileType = sourcecode.c.h; path = ViewController.h; sourceTree = "<group>"; };
		9BD3B45721CA1F3A005F93DD /* ViewController.m */ = {isa = PBXFileReference; lastKnownFileType = sourcecode.c.objc; path = ViewController.m; sourceTree = "<group>"; };
		9BD3B45A21CA1F3A005F93DD /* Base */ = {isa = PBXFileReference; lastKnownFileType = file.storyboard; name = Base; path = Base.lproj/Main.storyboard; sourceTree = "<group>"; };
		9BD3B45C21CA1F3B005F93DD /* Assets.xcassets */ = {isa = PBXFileReference; lastKnownFileType = folder.assetcatalog; path = Assets.xcassets; sourceTree = "<group>"; };
		9BD3B45F21CA1F3B005F93DD /* Base */ = {isa = PBXFileReference; lastKnownFileType = file.storyboard; name = Base; path = Base.lproj/LaunchScreen.storyboard; sourceTree = "<group>"; };
		9BD3B46121CA1F3B005F93DD /* Info.plist */ = {isa = PBXFileReference; lastKnownFileType = text.plist.xml; path = Info.plist; sourceTree = "<group>"; };
		9BD3B46221CA1F3B005F93DD /* main.m */ = {isa = PBXFileReference; lastKnownFileType = sourcecode.c.objc; path = main.m; sourceTree = "<group>"; };
		9BD3B46821CA1F3C005F93DD /* AskTests.xctest */ = {isa = PBXFileReference; explicitFileType = wrapper.cfbundle; includeInIndex = 0; path = AskTests.xctest; sourceTree = BUILT_PRODUCTS_DIR; };
		9BD3B46C21CA1F3C005F93DD /* AskTests.m */ = {isa = PBXFileReference; lastKnownFileType = sourcecode.c.objc; path = AskTests.m; sourceTree = "<group>"; };
		9BD3B46E21CA1F3C005F93DD /* Info.plist */ = {isa = PBXFileReference; lastKnownFileType = text.plist.xml; path = Info.plist; sourceTree = "<group>"; };
/* End PBXFileReference section */

/* Begin PBXFrameworksBuildPhase section */
		9BD3B44D21CA1F3A005F93DD /* Frameworks */ = {
			isa = PBXFrameworksBuildPhase;
			buildActionMask = 2147483647;
			files = (
				9BAA13D521CB6C680039E987 /* UIKit.framework in Frameworks */,
				9BAA13D321CB6C630039E987 /* CoreGraphics.framework in Frameworks */,
				9BAA13D121CB6C5C0039E987 /* CoreFoundation.framework in Frameworks */,
			);
			runOnlyForDeploymentPostprocessing = 0;
		};
		9BD3B46521CA1F3C005F93DD /* Frameworks */ = {
			isa = PBXFrameworksBuildPhase;
			buildActionMask = 2147483647;
			files = (
			);
			runOnlyForDeploymentPostprocessing = 0;
		};
/* End PBXFrameworksBuildPhase section */

/* Begin PBXGroup section */
		9BAA13A521CB68CA0039E987 /* Masonry */ = {
			isa = PBXGroup;
			children = (
				9BAA13A621CB68CA0039E987 /* MASCompositeConstraint.h */,
				9BAA13A721CB68CA0039E987 /* NSLayoutConstraint+MASDebugAdditions.m */,
				9BAA13A821CB68CA0039E987 /* MASConstraint+Private.h */,
				9BAA13A921CB68CA0039E987 /* MASLayoutConstraint.h */,
				9BAA13AA21CB68CA0039E987 /* NSArray+MASShorthandAdditions.h */,
				9BAA13AB21CB68CA0039E987 /* MASConstraintMaker.h */,
				9BAA13AC21CB68CA0039E987 /* View+MASAdditions.h */,
				9BAA13AD21CB68CA0039E987 /* NSArray+MASAdditions.h */,
				9BAA13AE21CB68CA0039E987 /* MASUtilities.h */,
				9BAA13AF21CB68CA0039E987 /* MASViewAttribute.h */,
				9BAA13B021CB68CA0039E987 /* ViewController+MASAdditions.m */,
				9BAA13B121CB68CA0039E987 /* MASViewConstraint.h */,
				9BAA13B221CB68CA0039E987 /* MASConstraint.h */,
				9BAA13B321CB68CA0039E987 /* NSLayoutConstraint+MASDebugAdditions.h */,
				9BAA13B421CB68CA0039E987 /* MASCompositeConstraint.m */,
				9BAA13B521CB68CA0039E987 /* MASConstraintMaker.m */,
				9BAA13B621CB68CA0039E987 /* MASLayoutConstraint.m */,
				9BAA13B721CB68CA0039E987 /* NSArray+MASAdditions.m */,
				9BAA13B821CB68CA0039E987 /* View+MASAdditions.m */,
				9BAA13B921CB68CA0039E987 /* View+MASShorthandAdditions.h */,
				9BAA13BA21CB68CA0039E987 /* Masonry.h */,
				9BAA13BB21CB68CA0039E987 /* MASConstraint.m */,
				9BAA13BC21CB68CA0039E987 /* ViewController+MASAdditions.h */,
				9BAA13BD21CB68CA0039E987 /* MASViewConstraint.m */,
				9BAA13BE21CB68CA0039E987 /* MASViewAttribute.m */,
			);
			path = Masonry;
			sourceTree = "<group>";
		};
		9BAA13CF21CB6C5C0039E987 /* Frameworks */ = {
			isa = PBXGroup;
			children = (
				9BAA13D421CB6C680039E987 /* UIKit.framework */,
				9BAA13D221CB6C630039E987 /* CoreGraphics.framework */,
				9BAA13D021CB6C5C0039E987 /* CoreFoundation.framework */,
			);
			name = Frameworks;
			sourceTree = "<group>";
		};
		9BD3B44721CA1F3A005F93DD = {
			isa = PBXGroup;
			children = (
				9BD3B45221CA1F3A005F93DD /* Ask */,
				9BD3B46B21CA1F3C005F93DD /* AskTests */,
				9BD3B45121CA1F3A005F93DD /* Products */,
				9BAA13CF21CB6C5C0039E987 /* Frameworks */,
			);
			sourceTree = "<group>";
		};
		9BD3B45121CA1F3A005F93DD /* Products */ = {
			isa = PBXGroup;
			children = (
				9BD3B45021CA1F3A005F93DD /* Ask.app */,
				9BD3B46821CA1F3C005F93DD /* AskTests.xctest */,
			);
			name = Products;
			sourceTree = "<group>";
		};
		9BD3B45221CA1F3A005F93DD /* Ask */ = {
			isa = PBXGroup;
			children = (
				9BAA13A521CB68CA0039E987 /* Masonry */,
				9BD3B45321CA1F3A005F93DD /* AppDelegate.h */,
				9BD3B45421CA1F3A005F93DD /* AppDelegate.m */,
				9BD3B45621CA1F3A005F93DD /* ViewController.h */,
				9BD3B45721CA1F3A005F93DD /* ViewController.m */,
				9BAA13CB21CB6A650039E987 /* AskNumView.h */,
				9BAA13CC21CB6A650039E987 /* AskNumView.m */,
				9BD3B45921CA1F3A005F93DD /* Main.storyboard */,
				9BD3B45C21CA1F3B005F93DD /* Assets.xcassets */,
				9BD3B45E21CA1F3B005F93DD /* LaunchScreen.storyboard */,
				9BD3B46121CA1F3B005F93DD /* Info.plist */,
				9BD3B46221CA1F3B005F93DD /* main.m */,
			);
			path = Ask;
			sourceTree = "<group>";
		};
		9BD3B46B21CA1F3C005F93DD /* AskTests */ = {
			isa = PBXGroup;
			children = (
				9BD3B46C21CA1F3C005F93DD /* AskTests.m */,
				9BD3B46E21CA1F3C005F93DD /* Info.plist */,
			);
			path = AskTests;
			sourceTree = "<group>";
		};
/* End PBXGroup section */

/* Begin PBXNativeTarget section */
		9BD3B44F21CA1F3A005F93DD /* Ask */ = {
			isa = PBXNativeTarget;
			buildConfigurationList = 9BD3B47121CA1F3C005F93DD /* Build configuration list for PBXNativeTarget "Ask" */;
			buildPhases = (
				9BD3B44C21CA1F3A005F93DD /* Sources */,
				9BD3B44D21CA1F3A005F93DD /* Frameworks */,
				9BD3B44E21CA1F3A005F93DD /* Resources */,
			);
			buildRules = (
			);
			dependencies = (
			);
			name = Ask;
			productName = Ask;
			productReference = 9BD3B45021CA1F3A005F93DD /* Ask.app */;
			productType = "com.apple.product-type.application";
		};
		9BD3B46721CA1F3C005F93DD /* AskTests */ = {
			isa = PBXNativeTarget;
			buildConfigurationList = 9BD3B47421CA1F3C005F93DD /* Build configuration list for PBXNativeTarget "AskTests" */;
			buildPhases = (
				9BD3B46421CA1F3C005F93DD /* Sources */,
				9BD3B46521CA1F3C005F93DD /* Frameworks */,
				9BD3B46621CA1F3C005F93DD /* Resources */,
			);
			buildRules = (
			);
			dependencies = (
				9BD3B46A21CA1F3C005F93DD /* PBXTargetDependency */,
			);
			name = AskTests;
			productName = AskTests;
			productReference = 9BD3B46821CA1F3C005F93DD /* AskTests.xctest */;
			productType = "com.apple.product-type.bundle.unit-test";
		};
/* End PBXNativeTarget section */

/* Begin PBXProject section */
		9BD3B44821CA1F3A005F93DD /* Project object */ = {
			isa = PBXProject;
			attributes = {
				LastUpgradeCheck = 1010;
				ORGANIZATIONNAME = lee;
				TargetAttributes = {
					9BD3B44F21CA1F3A005F93DD = {
						CreatedOnToolsVersion = 10.1;
						SystemCapabilities = {
							com.apple.BackgroundModes = {
								enabled = 0;
							};
						};
					};
					9BD3B46721CA1F3C005F93DD = {
						CreatedOnToolsVersion = 10.1;
						TestTargetID = 9BD3B44F21CA1F3A005F93DD;
					};
				};
			};
			buildConfigurationList = 9BD3B44B21CA1F3A005F93DD /* Build configuration list for PBXProject "Ask" */;
			compatibilityVersion = "Xcode 9.3";
			developmentRegion = en;
			hasScannedForEncodings = 0;
			knownRegions = (
				en,
				Base,
			);
			mainGroup = 9BD3B44721CA1F3A005F93DD;
			productRefGroup = 9BD3B45121CA1F3A005F93DD /* Products */;
			projectDirPath = "";
			projectRoot = "";
			targets = (
				9BD3B44F21CA1F3A005F93DD /* Ask */,
				9BD3B46721CA1F3C005F93DD /* AskTests */,
			);
		};
/* End PBXProject section */

/* Begin PBXResourcesBuildPhase section */
		9BD3B44E21CA1F3A005F93DD /* Resources */ = {
			isa = PBXResourcesBuildPhase;
			buildActionMask = 2147483647;
			files = (
				9BD3B46021CA1F3B005F93DD /* LaunchScreen.storyboard in Resources */,
				9BD3B45D21CA1F3B005F93DD /* Assets.xcassets in Resources */,
				9BD3B45B21CA1F3A005F93DD /* Main.storyboard in Resources */,
			);
			runOnlyForDeploymentPostprocessing = 0;
		};
		9BD3B46621CA1F3C005F93DD /* Resources */ = {
			isa = PBXResourcesBuildPhase;
			buildActionMask = 2147483647;
			files = (
			);
			runOnlyForDeploymentPostprocessing = 0;
		};
/* End PBXResourcesBuildPhase section */

/* Begin PBXSourcesBuildPhase section */
		9BD3B44C21CA1F3A005F93DD /* Sources */ = {
			isa = PBXSourcesBuildPhase;
			buildActionMask = 2147483647;
			files = (
				9BAA13C321CB68CA0039E987 /* MASConstraintMaker.m in Sources */,
				9BAA13CE21CB6C3B0039E987 /* AskNumView.m in Sources */,
				9BD3B45821CA1F3A005F93DD /* ViewController.m in Sources */,
				9BAA13C121CB68CA0039E987 /* ViewController+MASAdditions.m in Sources */,
				9BAA13C821CB68CA0039E987 /* MASViewConstraint.m in Sources */,
				9BD3B46321CA1F3B005F93DD /* main.m in Sources */,
				9BAA13C421CB68CA0039E987 /* MASLayoutConstraint.m in Sources */,
				9BAA13C721CB68CA0039E987 /* MASConstraint.m in Sources */,
				9BAA13C521CB68CA0039E987 /* NSArray+MASAdditions.m in Sources */,
				9BD3B45521CA1F3A005F93DD /* AppDelegate.m in Sources */,
				9BAA13C221CB68CA0039E987 /* MASCompositeConstraint.m in Sources */,
				9BAA13C621CB68CA0039E987 /* View+MASAdditions.m in Sources */,
				9BAA13C021CB68CA0039E987 /* NSLayoutConstraint+MASDebugAdditions.m in Sources */,
				9BAA13C921CB68CA0039E987 /* MASViewAttribute.m in Sources */,
			);
			runOnlyForDeploymentPostprocessing = 0;
		};
		9BD3B46421CA1F3C005F93DD /* Sources */ = {
			isa = PBXSourcesBuildPhase;
			buildActionMask = 2147483647;
			files = (
				9BD3B46D21CA1F3C005F93DD /* AskTests.m in Sources */,
			);
			runOnlyForDeploymentPostprocessing = 0;
		};
/* End PBXSourcesBuildPhase section */

/* Begin PBXTargetDependency section */
		9BD3B46A21CA1F3C005F93DD /* PBXTargetDependency */ = {
			isa = PBXTargetDependency;
			target = 9BD3B44F21CA1F3A005F93DD /* Ask */;
			targetProxy = 9BD3B46921CA1F3C005F93DD /* PBXContainerItemProxy */;
		};
/* End PBXTargetDependency section */

/* Begin PBXVariantGroup section */
		9BD3B45921CA1F3A005F93DD /* Main.storyboard */ = {
			isa = PBXVariantGroup;
			children = (
				9BD3B45A21CA1F3A005F93DD /* Base */,
			);
			name = Main.storyboard;
			sourceTree = "<group>";
		};
		9BD3B45E21CA1F3B005F93DD /* LaunchScreen.storyboard */ = {
			isa = PBXVariantGroup;
			children = (
				9BD3B45F21CA1F3B005F93DD /* Base */,
			);
			name = LaunchScreen.storyboard;
			sourceTree = "<group>";
		};
/* End PBXVariantGroup section */

/* Begin XCBuildConfiguration section */
		9BD3B46F21CA1F3C005F93DD /* Debug */ = {
			isa = XCBuildConfiguration;
			buildSettings = {
				ALWAYS_SEARCH_USER_PATHS = NO;
				CLANG_ANALYZER_NONNULL = YES;
				CLANG_ANALYZER_NUMBER_OBJECT_CONVERSION = YES_AGGRESSIVE;
				CLANG_CXX_LANGUAGE_STANDARD = "gnu++14";
				CLANG_CXX_LIBRARY = "libc++";
				CLANG_ENABLE_MODULES = YES;
				CLANG_ENABLE_OBJC_ARC = YES;
				CLANG_ENABLE_OBJC_WEAK = YES;
				CLANG_WARN_BLOCK_CAPTURE_AUTORELEASING = YES;
				CLANG_WARN_BOOL_CONVERSION = YES;
				CLANG_WARN_COMMA = YES;
				CLANG_WARN_CONSTANT_CONVERSION = YES;
				CLANG_WARN_DEPRECATED_OBJC_IMPLEMENTATIONS = YES;
				CLANG_WARN_DIRECT_OBJC_ISA_USAGE = YES_ERROR;
				CLANG_WARN_DOCUMENTATION_COMMENTS = YES;
				CLANG_WARN_EMPTY_BODY = YES;
				CLANG_WARN_ENUM_CONVERSION = YES;
				CLANG_WARN_INFINITE_RECURSION = YES;
				CLANG_WARN_INT_CONVERSION = YES;
				CLANG_WARN_NON_LITERAL_NULL_CONVERSION = YES;
				CLANG_WARN_OBJC_IMPLICIT_RETAIN_SELF = YES;
				CLANG_WARN_OBJC_LITERAL_CONVERSION = YES;
				CLANG_WARN_OBJC_ROOT_CLASS = YES_ERROR;
				CLANG_WARN_RANGE_LOOP_ANALYSIS = YES;
				CLANG_WARN_STRICT_PROTOTYPES = YES;
				CLANG_WARN_SUSPICIOUS_MOVE = YES;
				CLANG_WARN_UNGUARDED_AVAILABILITY = YES_AGGRESSIVE;
				CLANG_WARN_UNREACHABLE_CODE = YES;
				CLANG_WARN__DUPLICATE_METHOD_MATCH = YES;
				CODE_SIGN_IDENTITY = "iPhone Developer";
				COPY_PHASE_STRIP = NO;
				DEBUG_INFORMATION_FORMAT = dwarf;
				ENABLE_STRICT_OBJC_MSGSEND = YES;
				ENABLE_TESTABILITY = YES;
				GCC_C_LANGUAGE_STANDARD = gnu11;
				GCC_DYNAMIC_NO_PIC = NO;
				GCC_NO_COMMON_BLOCKS = YES;
				GCC_OPTIMIZATION_LEVEL = 0;
				GCC_PREPROCESSOR_DEFINITIONS = (
					"DEBUG=1",
					"$(inherited)",
				);
				GCC_WARN_64_TO_32_BIT_CONVERSION = YES;
				GCC_WARN_ABOUT_RETURN_TYPE = YES_ERROR;
				GCC_WARN_UNDECLARED_SELECTOR = YES;
				GCC_WARN_UNINITIALIZED_AUTOS = YES_AGGRESSIVE;
				GCC_WARN_UNUSED_FUNCTION = YES;
				GCC_WARN_UNUSED_VARIABLE = YES;
				IPHONEOS_DEPLOYMENT_TARGET = 12.1;
				MTL_ENABLE_DEBUG_INFO = INCLUDE_SOURCE;
				MTL_FAST_MATH = YES;
				ONLY_ACTIVE_ARCH = YES;
				SDKROOT = iphoneos;
			};
			name = Debug;
		};
		9BD3B47021CA1F3C005F93DD /* Release */ = {
			isa = XCBuildConfiguration;
			buildSettings = {
				ALWAYS_SEARCH_USER_PATHS = NO;
				CLANG_ANALYZER_NONNULL = YES;
				CLANG_ANALYZER_NUMBER_OBJECT_CONVERSION = YES_AGGRESSIVE;
				CLANG_CXX_LANGUAGE_STANDARD = "gnu++14";
				CLANG_CXX_LIBRARY = "libc++";
				CLANG_ENABLE_MODULES = YES;
				CLANG_ENABLE_OBJC_ARC = YES;
				CLANG_ENABLE_OBJC_WEAK = YES;
				CLANG_WARN_BLOCK_CAPTURE_AUTORELEASING = YES;
				CLANG_WARN_BOOL_CONVERSION = YES;
				CLANG_WARN_COMMA = YES;
				CLANG_WARN_CONSTANT_CONVERSION = YES;
				CLANG_WARN_DEPRECATED_OBJC_IMPLEMENTATIONS = YES;
				CLANG_WARN_DIRECT_OBJC_ISA_USAGE = YES_ERROR;
				CLANG_WARN_DOCUMENTATION_COMMENTS = YES;
				CLANG_WARN_EMPTY_BODY = YES;
				CLANG_WARN_ENUM_CONVERSION = YES;
				CLANG_WARN_INFINITE_RECURSION = YES;
				CLANG_WARN_INT_CONVERSION = YES;
				CLANG_WARN_NON_LITERAL_NULL_CONVERSION = YES;
				CLANG_WARN_OBJC_IMPLICIT_RETAIN_SELF = YES;
				CLANG_WARN_OBJC_LITERAL_CONVERSION = YES;
				CLANG_WARN_OBJC_ROOT_CLASS = YES_ERROR;
				CLANG_WARN_RANGE_LOOP_ANALYSIS = YES;
				CLANG_WARN_STRICT_PROTOTYPES = YES;
				CLANG_WARN_SUSPICIOUS_MOVE = YES;
				CLANG_WARN_UNGUARDED_AVAILABILITY = YES_AGGRESSIVE;
				CLANG_WARN_UNREACHABLE_CODE = YES;
				CLANG_WARN__DUPLICATE_METHOD_MATCH = YES;
				CODE_SIGN_IDENTITY = "iPhone Developer";
				COPY_PHASE_STRIP = NO;
				DEBUG_INFORMATION_FORMAT = "dwarf-with-dsym";
				ENABLE_NS_ASSERTIONS = NO;
				ENABLE_STRICT_OBJC_MSGSEND = YES;
				GCC_C_LANGUAGE_STANDARD = gnu11;
				GCC_NO_COMMON_BLOCKS = YES;
				GCC_WARN_64_TO_32_BIT_CONVERSION = YES;
				GCC_WARN_ABOUT_RETURN_TYPE = YES_ERROR;
				GCC_WARN_UNDECLARED_SELECTOR = YES;
				GCC_WARN_UNINITIALIZED_AUTOS = YES_AGGRESSIVE;
				GCC_WARN_UNUSED_FUNCTION = YES;
				GCC_WARN_UNUSED_VARIABLE = YES;
				IPHONEOS_DEPLOYMENT_TARGET = 12.1;
				MTL_ENABLE_DEBUG_INFO = NO;
				MTL_FAST_MATH = YES;
				SDKROOT = iphoneos;
				VALIDATE_PRODUCT = YES;
			};
			name = Release;
		};
		9BD3B47221CA1F3C005F93DD /* Debug */ = {
			isa = XCBuildConfiguration;
			buildSettings = {
				ASSETCATALOG_COMPILER_APPICON_NAME = AppIcon;
				CODE_SIGN_STYLE = Automatic;
				INFOPLIST_FILE = Ask/Info.plist;
				LD_RUNPATH_SEARCH_PATHS = (
					"$(inherited)",
					"@executable_path/Frameworks",
				);
				PRODUCT_BUNDLE_IDENTIFIER = com.d.Ask;
				PRODUCT_NAME = "$(TARGET_NAME)";
				TARGETED_DEVICE_FAMILY = "1,2";
			};
			name = Debug;
		};
		9BD3B47321CA1F3C005F93DD /* Release */ = {
			isa = XCBuildConfiguration;
			buildSettings = {
				ASSETCATALOG_COMPILER_APPICON_NAME = AppIcon;
				CODE_SIGN_STYLE = Automatic;
				INFOPLIST_FILE = Ask/Info.plist;
				LD_RUNPATH_SEARCH_PATHS = (
					"$(inherited)",
					"@executable_path/Frameworks",
				);
				PRODUCT_BUNDLE_IDENTIFIER = com.d.Ask;
				PRODUCT_NAME = "$(TARGET_NAME)";
				TARGETED_DEVICE_FAMILY = "1,2";
			};
			name = Release;
		};
		9BD3B47521CA1F3C005F93DD /* Debug */ = {
			isa = XCBuildConfiguration;
			buildSettings = {
				BUNDLE_LOADER = "$(TEST_HOST)";
				CODE_SIGN_STYLE = Automatic;
				INFOPLIST_FILE = AskTests/Info.plist;
				LD_RUNPATH_SEARCH_PATHS = (
					"$(inherited)",
					"@executable_path/Frameworks",
					"@loader_path/Frameworks",
				);
				PRODUCT_BUNDLE_IDENTIFIER = com.d.AskTests;
				PRODUCT_NAME = "$(TARGET_NAME)";
				TARGETED_DEVICE_FAMILY = "1,2";
				TEST_HOST = "$(BUILT_PRODUCTS_DIR)/Ask.app/Ask";
			};
			name = Debug;
		};
		9BD3B47621CA1F3C005F93DD /* Release */ = {
			isa = XCBuildConfiguration;
			buildSettings = {
				BUNDLE_LOADER = "$(TEST_HOST)";
				CODE_SIGN_STYLE = Automatic;
				INFOPLIST_FILE = AskTests/Info.plist;
				LD_RUNPATH_SEARCH_PATHS = (
					"$(inherited)",
					"@executable_path/Frameworks",
					"@loader_path/Frameworks",
				);
				PRODUCT_BUNDLE_IDENTIFIER = com.d.AskTests;
				PRODUCT_NAME = "$(TARGET_NAME)";
				TARGETED_DEVICE_FAMILY = "1,2";
				TEST_HOST = "$(BUILT_PRODUCTS_DIR)/Ask.app/Ask";
			};
			name = Release;
		};
/* End XCBuildConfiguration section */

/* Begin XCConfigurationList section */
		9BD3B44B21CA1F3A005F93DD /* Build configuration list for PBXProject "Ask" */ = {
			isa = XCConfigurationList;
			buildConfigurations = (
				9BD3B46F21CA1F3C005F93DD /* Debug */,
				9BD3B47021CA1F3C005F93DD /* Release */,
			);
			defaultConfigurationIsVisible = 0;
			defaultConfigurationName = Release;
		};
		9BD3B47121CA1F3C005F93DD /* Build configuration list for PBXNativeTarget "Ask" */ = {
			isa = XCConfigurationList;
			buildConfigurations = (
				9BD3B47221CA1F3C005F93DD /* Debug */,
				9BD3B47321CA1F3C005F93DD /* Release */,
			);
			defaultConfigurationIsVisible = 0;
			defaultConfigurationName = Release;
		};
		9BD3B47421CA1F3C005F93DD /* Build configuration list for PBXNativeTarget "AskTests" */ = {
			isa = XCConfigurationList;
			buildConfigurations = (
				9BD3B47521CA1F3C005F93DD /* Debug */,
				9BD3B47621CA1F3C005F93DD /* Release */,
			);
			defaultConfigurationIsVisible = 0;
			defaultConfigurationName = Release;
		};
/* End XCConfigurationList section */
	};
	rootObject = 9BD3B44821CA1F3A005F93DD /* Project object */;
}
